// !$*UTF8*$!
{
	archiveVersion = 1;
	classes = {
	};
	objectVersion = 55;
	objects = {

/* Begin PBXBuildFile section */
		8AC8A0E22779FF6E00E7493B /* SpaceMissionsApp.swift in Sources */ = {isa = PBXBuildFile; fileRef = 8AC8A0E12779FF6E00E7493B /* SpaceMissionsApp.swift */; };
		8AC8A0E62779FF6F00E7493B /* Assets.xcassets in Resources */ = {isa = PBXBuildFile; fileRef = 8AC8A0E52779FF6F00E7493B /* Assets.xcassets */; };
		8AC8A0E92779FF6F00E7493B /* Preview Assets.xcassets in Resources */ = {isa = PBXBuildFile; fileRef = 8AC8A0E82779FF6F00E7493B /* Preview Assets.xcassets */; };
		8AC8A0F2277A006900E7493B /* ComposableArchitecture in Frameworks */ = {isa = PBXBuildFile; productRef = 8AC8A0F1277A006800E7493B /* ComposableArchitecture */; };
		8AC8A0F5277A091800E7493B /* SpaceMissions.sqlite in Resources */ = {isa = PBXBuildFile; fileRef = 8AC8A0F4277A091800E7493B /* SpaceMissions.sqlite */; };
		8AC8A0F8277A09C600E7493B /* SidebarNavigation.swift in Sources */ = {isa = PBXBuildFile; fileRef = 8AC8A0F7277A09C600E7493B /* SidebarNavigation.swift */; };
		8AC8A0FB277A11A700E7493B /* RootFeature.swift in Sources */ = {isa = PBXBuildFile; fileRef = 8AC8A0FA277A11A700E7493B /* RootFeature.swift */; };
		8AC8A0FE277A133500E7493B /* MenuView.swift in Sources */ = {isa = PBXBuildFile; fileRef = 8AC8A0FD277A133500E7493B /* MenuView.swift */; };
		8AC8A100277A134C00E7493B /* NavigationItem.swift in Sources */ = {isa = PBXBuildFile; fileRef = 8AC8A0FF277A134C00E7493B /* NavigationItem.swift */; };
		8AC8A102277A138100E7493B /* MenuFeature.swift in Sources */ = {isa = PBXBuildFile; fileRef = 8AC8A101277A138100E7493B /* MenuFeature.swift */; };
		8AC8A107277A143000E7493B /* DatabaseService.swift in Sources */ = {isa = PBXBuildFile; fileRef = 8AC8A106277A143000E7493B /* DatabaseService.swift */; };
		8AC8A10E277AF31400E7493B /* SQLite in Frameworks */ = {isa = PBXBuildFile; productRef = 8AC8A10D277AF31400E7493B /* SQLite */; };
		8AC8A110277AF8BB00E7493B /* ErrorView.swift in Sources */ = {isa = PBXBuildFile; fileRef = 8AC8A10F277AF8BB00E7493B /* ErrorView.swift */; };
		8AC8A113277AFB8800E7493B /* Company.swift in Sources */ = {isa = PBXBuildFile; fileRef = 8AC8A112277AFB8800E7493B /* Company.swift */; };
		8AC8A115277AFBD400E7493B /* Launch.swift in Sources */ = {isa = PBXBuildFile; fileRef = 8AC8A114277AFBD400E7493B /* Launch.swift */; };
		8AC8A117277AFCBE00E7493B /* Mission.swift in Sources */ = {isa = PBXBuildFile; fileRef = 8AC8A116277AFCBE00E7493B /* Mission.swift */; };
		8AC8A119277AFD7C00E7493B /* DatabaseService-SQLquery.swift in Sources */ = {isa = PBXBuildFile; fileRef = 8AC8A118277AFD7C00E7493B /* DatabaseService-SQLquery.swift */; };
		8AC8A11C277B079E00E7493B /* copyDatabaseIfNeeded.swift in Sources */ = {isa = PBXBuildFile; fileRef = 8AC8A11B277B079E00E7493B /* copyDatabaseIfNeeded.swift */; };
		8AC8A11E277B084000E7493B /* DatabaseError.swift in Sources */ = {isa = PBXBuildFile; fileRef = 8AC8A11D277B084000E7493B /* DatabaseError.swift */; };
		8AC8A1242782D94B00E7493B /* DatabaseView.swift in Sources */ = {isa = PBXBuildFile; fileRef = 8AC8A1232782D94B00E7493B /* DatabaseView.swift */; };
		8AC8A1262782D95B00E7493B /* DatabaseFeature.swift in Sources */ = {isa = PBXBuildFile; fileRef = 8AC8A1252782D95B00E7493B /* DatabaseFeature.swift */; };
/* End PBXBuildFile section */

/* Begin PBXFileReference section */
		8AC8A0DE2779FF6E00E7493B /* SpaceMissions.app */ = {isa = PBXFileReference; explicitFileType = wrapper.application; includeInIndex = 0; path = SpaceMissions.app; sourceTree = BUILT_PRODUCTS_DIR; };
		8AC8A0E12779FF6E00E7493B /* SpaceMissionsApp.swift */ = {isa = PBXFileReference; lastKnownFileType = sourcecode.swift; path = SpaceMissionsApp.swift; sourceTree = "<group>"; };
		8AC8A0E52779FF6F00E7493B /* Assets.xcassets */ = {isa = PBXFileReference; lastKnownFileType = folder.assetcatalog; path = Assets.xcassets; sourceTree = "<group>"; };
		8AC8A0E82779FF6F00E7493B /* Preview Assets.xcassets */ = {isa = PBXFileReference; lastKnownFileType = folder.assetcatalog; path = "Preview Assets.xcassets"; sourceTree = "<group>"; };
		8AC8A0EA2779FF6F00E7493B /* SpaceMissions.entitlements */ = {isa = PBXFileReference; lastKnownFileType = text.plist.entitlements; path = SpaceMissions.entitlements; sourceTree = "<group>"; };
		8AC8A0F4277A091800E7493B /* SpaceMissions.sqlite */ = {isa = PBXFileReference; lastKnownFileType = file; path = SpaceMissions.sqlite; sourceTree = "<group>"; };
		8AC8A0F7277A09C600E7493B /* SidebarNavigation.swift */ = {isa = PBXFileReference; lastKnownFileType = sourcecode.swift; path = SidebarNavigation.swift; sourceTree = "<group>"; };
		8AC8A0FA277A11A700E7493B /* RootFeature.swift */ = {isa = PBXFileReference; lastKnownFileType = sourcecode.swift; path = RootFeature.swift; sourceTree = "<group>"; };
		8AC8A0FD277A133500E7493B /* MenuView.swift */ = {isa = PBXFileReference; lastKnownFileType = sourcecode.swift; path = MenuView.swift; sourceTree = "<group>"; };
		8AC8A0FF277A134C00E7493B /* NavigationItem.swift */ = {isa = PBXFileReference; lastKnownFileType = sourcecode.swift; path = NavigationItem.swift; sourceTree = "<group>"; };
		8AC8A101277A138100E7493B /* MenuFeature.swift */ = {isa = PBXFileReference; lastKnownFileType = sourcecode.swift; path = MenuFeature.swift; sourceTree = "<group>"; };
		8AC8A106277A143000E7493B /* DatabaseService.swift */ = {isa = PBXFileReference; lastKnownFileType = sourcecode.swift; path = DatabaseService.swift; sourceTree = "<group>"; };
		8AC8A10F277AF8BB00E7493B /* ErrorView.swift */ = {isa = PBXFileReference; lastKnownFileType = sourcecode.swift; path = ErrorView.swift; sourceTree = "<group>"; };
		8AC8A112277AFB8800E7493B /* Company.swift */ = {isa = PBXFileReference; lastKnownFileType = sourcecode.swift; path = Company.swift; sourceTree = "<group>"; };
		8AC8A114277AFBD400E7493B /* Launch.swift */ = {isa = PBXFileReference; lastKnownFileType = sourcecode.swift; path = Launch.swift; sourceTree = "<group>"; };
		8AC8A116277AFCBE00E7493B /* Mission.swift */ = {isa = PBXFileReference; lastKnownFileType = sourcecode.swift; path = Mission.swift; sourceTree = "<group>"; };
		8AC8A118277AFD7C00E7493B /* DatabaseService-SQLquery.swift */ = {isa = PBXFileReference; lastKnownFileType = sourcecode.swift; path = "DatabaseService-SQLquery.swift"; sourceTree = "<group>"; };
		8AC8A11B277B079E00E7493B /* copyDatabaseIfNeeded.swift */ = {isa = PBXFileReference; lastKnownFileType = sourcecode.swift; path = copyDatabaseIfNeeded.swift; sourceTree = "<group>"; };
		8AC8A11D277B084000E7493B /* DatabaseError.swift */ = {isa = PBXFileReference; lastKnownFileType = sourcecode.swift; path = DatabaseError.swift; sourceTree = "<group>"; };
		8AC8A1232782D94B00E7493B /* DatabaseView.swift */ = {isa = PBXFileReference; lastKnownFileType = sourcecode.swift; path = DatabaseView.swift; sourceTree = "<group>"; };
		8AC8A1252782D95B00E7493B /* DatabaseFeature.swift */ = {isa = PBXFileReference; lastKnownFileType = sourcecode.swift; path = DatabaseFeature.swift; sourceTree = "<group>"; };
/* End PBXFileReference section */

/* Begin PBXFrameworksBuildPhase section */
		8AC8A0DB2779FF6E00E7493B /* Frameworks */ = {
			isa = PBXFrameworksBuildPhase;
			buildActionMask = 2147483647;
			files = (
				8AC8A10E277AF31400E7493B /* SQLite in Frameworks */,
				8AC8A0F2277A006900E7493B /* ComposableArchitecture in Frameworks */,
			);
			runOnlyForDeploymentPostprocessing = 0;
		};
/* End PBXFrameworksBuildPhase section */

/* Begin PBXGroup section */
		8AC8A0D52779FF6E00E7493B = {
			isa = PBXGroup;
			children = (
				8AC8A0E02779FF6E00E7493B /* SpaceMissions */,
				8AC8A0DF2779FF6E00E7493B /* Products */,
			);
			sourceTree = "<group>";
		};
		8AC8A0DF2779FF6E00E7493B /* Products */ = {
			isa = PBXGroup;
			children = (
				8AC8A0DE2779FF6E00E7493B /* SpaceMissions.app */,
			);
			name = Products;
			sourceTree = "<group>";
		};
		8AC8A0E02779FF6E00E7493B /* SpaceMissions */ = {
			isa = PBXGroup;
			children = (
				8AC8A11A277B078700E7493B /* Utilities */,
				8AC8A111277AFB7400E7493B /* Model */,
				8AC8A0EA2779FF6F00E7493B /* SpaceMissions.entitlements */,
				8AC8A0F9277A10FB00E7493B /* Root */,
				8AC8A0F6277A09A800E7493B /* Navigation */,
				8AC8A0FC277A131D00E7493B /* Menu */,
				8AC8A1212782D93800E7493B /* Database */,
				8AC8A105277A141E00E7493B /* Services */,
				8AC8A0F3277A08D400E7493B /* Ressources */,
				8AC8A0E72779FF6F00E7493B /* Preview Content */,
			);
			path = SpaceMissions;
			sourceTree = "<group>";
		};
		8AC8A0E72779FF6F00E7493B /* Preview Content */ = {
			isa = PBXGroup;
			children = (
				8AC8A0E82779FF6F00E7493B /* Preview Assets.xcassets */,
			);
			path = "Preview Content";
			sourceTree = "<group>";
		};
		8AC8A0F3277A08D400E7493B /* Ressources */ = {
			isa = PBXGroup;
			children = (
				8AC8A0E52779FF6F00E7493B /* Assets.xcassets */,
				8AC8A0F4277A091800E7493B /* SpaceMissions.sqlite */,
			);
			path = Ressources;
			sourceTree = "<group>";
		};
		8AC8A0F6277A09A800E7493B /* Navigation */ = {
			isa = PBXGroup;
			children = (
				8AC8A0F7277A09C600E7493B /* SidebarNavigation.swift */,
				8AC8A0FF277A134C00E7493B /* NavigationItem.swift */,
			);
			path = Navigation;
			sourceTree = "<group>";
		};
		8AC8A0F9277A10FB00E7493B /* Root */ = {
			isa = PBXGroup;
			children = (
				8AC8A0E12779FF6E00E7493B /* SpaceMissionsApp.swift */,
				8AC8A0FA277A11A700E7493B /* RootFeature.swift */,
				8AC8A10F277AF8BB00E7493B /* ErrorView.swift */,
			);
			path = Root;
			sourceTree = "<group>";
		};
		8AC8A0FC277A131D00E7493B /* Menu */ = {
			isa = PBXGroup;
			children = (
				8AC8A0FD277A133500E7493B /* MenuView.swift */,
				8AC8A101277A138100E7493B /* MenuFeature.swift */,
			);
			path = Menu;
			sourceTree = "<group>";
		};
		8AC8A105277A141E00E7493B /* Services */ = {
			isa = PBXGroup;
			children = (
				8AC8A106277A143000E7493B /* DatabaseService.swift */,
				8AC8A118277AFD7C00E7493B /* DatabaseService-SQLquery.swift */,
			);
			path = Services;
			sourceTree = "<group>";
		};
		8AC8A111277AFB7400E7493B /* Model */ = {
			isa = PBXGroup;
			children = (
				8AC8A112277AFB8800E7493B /* Company.swift */,
				8AC8A114277AFBD400E7493B /* Launch.swift */,
				8AC8A116277AFCBE00E7493B /* Mission.swift */,
			);
			path = Model;
			sourceTree = "<group>";
		};
		8AC8A11A277B078700E7493B /* Utilities */ = {
			isa = PBXGroup;
			children = (
				8AC8A11B277B079E00E7493B /* copyDatabaseIfNeeded.swift */,
				8AC8A11D277B084000E7493B /* DatabaseError.swift */,
			);
			path = Utilities;
			sourceTree = "<group>";
		};
		8AC8A1212782D93800E7493B /* Database */ = {
			isa = PBXGroup;
			children = (
				8AC8A1232782D94B00E7493B /* DatabaseView.swift */,
				8AC8A1252782D95B00E7493B /* DatabaseFeature.swift */,
			);
			path = Database;
			sourceTree = "<group>";
		};
/* End PBXGroup section */

/* Begin PBXNativeTarget section */
		8AC8A0DD2779FF6E00E7493B /* SpaceMissions */ = {
			isa = PBXNativeTarget;
			buildConfigurationList = 8AC8A0ED2779FF6F00E7493B /* Build configuration list for PBXNativeTarget "SpaceMissions" */;
			buildPhases = (
				8AC8A0DA2779FF6E00E7493B /* Sources */,
				8AC8A0DB2779FF6E00E7493B /* Frameworks */,
				8AC8A0DC2779FF6E00E7493B /* Resources */,
			);
			buildRules = (
			);
			dependencies = (
			);
			name = SpaceMissions;
			packageProductDependencies = (
				8AC8A0F1277A006800E7493B /* ComposableArchitecture */,
				8AC8A10D277AF31400E7493B /* SQLite */,
			);
			productName = SpaceMissions;
			productReference = 8AC8A0DE2779FF6E00E7493B /* SpaceMissions.app */;
			productType = "com.apple.product-type.application";
		};
/* End PBXNativeTarget section */

/* Begin PBXProject section */
		8AC8A0D62779FF6E00E7493B /* Project object */ = {
			isa = PBXProject;
			attributes = {
				BuildIndependentTargetsInParallel = 1;
				LastSwiftUpdateCheck = 1320;
				LastUpgradeCheck = 1320;
				TargetAttributes = {
					8AC8A0DD2779FF6E00E7493B = {
						CreatedOnToolsVersion = 13.2.1;
					};
				};
			};
			buildConfigurationList = 8AC8A0D92779FF6E00E7493B /* Build configuration list for PBXProject "SpaceMissions" */;
			compatibilityVersion = "Xcode 13.0";
			developmentRegion = en;
			hasScannedForEncodings = 0;
			knownRegions = (
				en,
				Base,
			);
			mainGroup = 8AC8A0D52779FF6E00E7493B;
			packageReferences = (
				8AC8A0F0277A006800E7493B /* XCRemoteSwiftPackageReference "swift-composable-architecture" */,
				8AC8A10C277AF31400E7493B /* XCRemoteSwiftPackageReference "SQLite" */,
			);
			productRefGroup = 8AC8A0DF2779FF6E00E7493B /* Products */;
			projectDirPath = "";
			projectRoot = "";
			targets = (
				8AC8A0DD2779FF6E00E7493B /* SpaceMissions */,
			);
		};
/* End PBXProject section */

/* Begin PBXResourcesBuildPhase section */
		8AC8A0DC2779FF6E00E7493B /* Resources */ = {
			isa = PBXResourcesBuildPhase;
			buildActionMask = 2147483647;
			files = (
				8AC8A0F5277A091800E7493B /* SpaceMissions.sqlite in Resources */,
				8AC8A0E92779FF6F00E7493B /* Preview Assets.xcassets in Resources */,
				8AC8A0E62779FF6F00E7493B /* Assets.xcassets in Resources */,
			);
			runOnlyForDeploymentPostprocessing = 0;
		};
/* End PBXResourcesBuildPhase section */

/* Begin PBXSourcesBuildPhase section */
		8AC8A0DA2779FF6E00E7493B /* Sources */ = {
			isa = PBXSourcesBuildPhase;
			buildActionMask = 2147483647;
			files = (
				8AC8A117277AFCBE00E7493B /* Mission.swift in Sources */,
				8AC8A1262782D95B00E7493B /* DatabaseFeature.swift in Sources */,
				8AC8A0F8277A09C600E7493B /* SidebarNavigation.swift in Sources */,
				8AC8A100277A134C00E7493B /* NavigationItem.swift in Sources */,
				8AC8A113277AFB8800E7493B /* Company.swift in Sources */,
				8AC8A11C277B079E00E7493B /* copyDatabaseIfNeeded.swift in Sources */,
				8AC8A0FE277A133500E7493B /* MenuView.swift in Sources */,
				8AC8A0FB277A11A700E7493B /* RootFeature.swift in Sources */,
				8AC8A11E277B084000E7493B /* DatabaseError.swift in Sources */,
				8AC8A119277AFD7C00E7493B /* DatabaseService-SQLquery.swift in Sources */,
				8AC8A0E22779FF6E00E7493B /* SpaceMissionsApp.swift in Sources */,
				8AC8A102277A138100E7493B /* MenuFeature.swift in Sources */,
				8AC8A107277A143000E7493B /* DatabaseService.swift in Sources */,
				8AC8A115277AFBD400E7493B /* Launch.swift in Sources */,
				8AC8A1242782D94B00E7493B /* DatabaseView.swift in Sources */,
				8AC8A110277AF8BB00E7493B /* ErrorView.swift in Sources */,
			);
			runOnlyForDeploymentPostprocessing = 0;
		};
/* End PBXSourcesBuildPhase section */

/* Begin XCBuildConfiguration section */
		8AC8A0EB2779FF6F00E7493B /* Debug */ = {
			isa = XCBuildConfiguration;
			buildSettings = {
				ALWAYS_SEARCH_USER_PATHS = NO;
				CLANG_ANALYZER_NONNULL = YES;
				CLANG_ANALYZER_NUMBER_OBJECT_CONVERSION = YES_AGGRESSIVE;
				CLANG_CXX_LANGUAGE_STANDARD = "gnu++17";
				CLANG_CXX_LIBRARY = "libc++";
				CLANG_ENABLE_MODULES = YES;
				CLANG_ENABLE_OBJC_ARC = YES;
				CLANG_ENABLE_OBJC_WEAK = YES;
				CLANG_WARN_BLOCK_CAPTURE_AUTORELEASING = YES;
				CLANG_WARN_BOOL_CONVERSION = YES;
				CLANG_WARN_COMMA = YES;
				CLANG_WARN_CONSTANT_CONVERSION = YES;
				CLANG_WARN_DEPRECATED_OBJC_IMPLEMENTATIONS = YES;
				CLANG_WARN_DIRECT_OBJC_ISA_USAGE = YES_ERROR;
				CLANG_WARN_DOCUMENTATION_COMMENTS = YES;
				CLANG_WARN_EMPTY_BODY = YES;
				CLANG_WARN_ENUM_CONVERSION = YES;
				CLANG_WARN_INFINITE_RECURSION = YES;
				CLANG_WARN_INT_CONVERSION = YES;
				CLANG_WARN_NON_LITERAL_NULL_CONVERSION = YES;
				CLANG_WARN_OBJC_IMPLICIT_RETAIN_SELF = YES;
				CLANG_WARN_OBJC_LITERAL_CONVERSION = YES;
				CLANG_WARN_OBJC_ROOT_CLASS = YES_ERROR;
				CLANG_WARN_QUOTED_INCLUDE_IN_FRAMEWORK_HEADER = YES;
				CLANG_WARN_RANGE_LOOP_ANALYSIS = YES;
				CLANG_WARN_STRICT_PROTOTYPES = YES;
				CLANG_WARN_SUSPICIOUS_MOVE = YES;
				CLANG_WARN_UNGUARDED_AVAILABILITY = YES_AGGRESSIVE;
				CLANG_WARN_UNREACHABLE_CODE = YES;
				CLANG_WARN__DUPLICATE_METHOD_MATCH = YES;
				COPY_PHASE_STRIP = NO;
				DEBUG_INFORMATION_FORMAT = dwarf;
				ENABLE_STRICT_OBJC_MSGSEND = YES;
				ENABLE_TESTABILITY = YES;
				GCC_C_LANGUAGE_STANDARD = gnu11;
				GCC_DYNAMIC_NO_PIC = NO;
				GCC_NO_COMMON_BLOCKS = YES;
				GCC_OPTIMIZATION_LEVEL = 0;
				GCC_PREPROCESSOR_DEFINITIONS = (
					"DEBUG=1",
					"$(inherited)",
				);
				GCC_WARN_64_TO_32_BIT_CONVERSION = YES;
				GCC_WARN_ABOUT_RETURN_TYPE = YES_ERROR;
				GCC_WARN_UNDECLARED_SELECTOR = YES;
				GCC_WARN_UNINITIALIZED_AUTOS = YES_AGGRESSIVE;
				GCC_WARN_UNUSED_FUNCTION = YES;
				GCC_WARN_UNUSED_VARIABLE = YES;
				MACOSX_DEPLOYMENT_TARGET = 12.1;
				MTL_ENABLE_DEBUG_INFO = INCLUDE_SOURCE;
				MTL_FAST_MATH = YES;
				ONLY_ACTIVE_ARCH = YES;
				SDKROOT = macosx;
				SWIFT_ACTIVE_COMPILATION_CONDITIONS = DEBUG;
				SWIFT_OPTIMIZATION_LEVEL = "-Onone";
			};
			name = Debug;
		};
		8AC8A0EC2779FF6F00E7493B /* Release */ = {
			isa = XCBuildConfiguration;
			buildSettings = {
				ALWAYS_SEARCH_USER_PATHS = NO;
				CLANG_ANALYZER_NONNULL = YES;
				CLANG_ANALYZER_NUMBER_OBJECT_CONVERSION = YES_AGGRESSIVE;
				CLANG_CXX_LANGUAGE_STANDARD = "gnu++17";
				CLANG_CXX_LIBRARY = "libc++";
				CLANG_ENABLE_MODULES = YES;
				CLANG_ENABLE_OBJC_ARC = YES;
				CLANG_ENABLE_OBJC_WEAK = YES;
				CLANG_WARN_BLOCK_CAPTURE_AUTORELEASING = YES;
				CLANG_WARN_BOOL_CONVERSION = YES;
				CLANG_WARN_COMMA = YES;
				CLANG_WARN_CONSTANT_CONVERSION = YES;
				CLANG_WARN_DEPRECATED_OBJC_IMPLEMENTATIONS = YES;
				CLANG_WARN_DIRECT_OBJC_ISA_USAGE = YES_ERROR;
				CLANG_WARN_DOCUMENTATION_COMMENTS = YES;
				CLANG_WARN_EMPTY_BODY = YES;
				CLANG_WARN_ENUM_CONVERSION = YES;
				CLANG_WARN_INFINITE_RECURSION = YES;
				CLANG_WARN_INT_CONVERSION = YES;
				CLANG_WARN_NON_LITERAL_NULL_CONVERSION = YES;
				CLANG_WARN_OBJC_IMPLICIT_RETAIN_SELF = YES;
				CLANG_WARN_OBJC_LITERAL_CONVERSION = YES;
				CLANG_WARN_OBJC_ROOT_CLASS = YES_ERROR;
				CLANG_WARN_QUOTED_INCLUDE_IN_FRAMEWORK_HEADER = YES;
				CLANG_WARN_RANGE_LOOP_ANALYSIS = YES;
				CLANG_WARN_STRICT_PROTOTYPES = YES;
				CLANG_WARN_SUSPICIOUS_MOVE = YES;
				CLANG_WARN_UNGUARDED_AVAILABILITY = YES_AGGRESSIVE;
				CLANG_WARN_UNREACHABLE_CODE = YES;
				CLANG_WARN__DUPLICATE_METHOD_MATCH = YES;
				COPY_PHASE_STRIP = NO;
				DEBUG_INFORMATION_FORMAT = "dwarf-with-dsym";
				ENABLE_NS_ASSERTIONS = NO;
				ENABLE_STRICT_OBJC_MSGSEND = YES;
				GCC_C_LANGUAGE_STANDARD = gnu11;
				GCC_NO_COMMON_BLOCKS = YES;
				GCC_WARN_64_TO_32_BIT_CONVERSION = YES;
				GCC_WARN_ABOUT_RETURN_TYPE = YES_ERROR;
				GCC_WARN_UNDECLARED_SELECTOR = YES;
				GCC_WARN_UNINITIALIZED_AUTOS = YES_AGGRESSIVE;
				GCC_WARN_UNUSED_FUNCTION = YES;
				GCC_WARN_UNUSED_VARIABLE = YES;
				MACOSX_DEPLOYMENT_TARGET = 12.1;
				MTL_ENABLE_DEBUG_INFO = NO;
				MTL_FAST_MATH = YES;
				SDKROOT = macosx;
				SWIFT_COMPILATION_MODE = wholemodule;
				SWIFT_OPTIMIZATION_LEVEL = "-O";
			};
			name = Release;
		};
		8AC8A0EE2779FF6F00E7493B /* Debug */ = {
			isa = XCBuildConfiguration;
			buildSettings = {
				ASSETCATALOG_COMPILER_APPICON_NAME = AppIcon;
				ASSETCATALOG_COMPILER_GLOBAL_ACCENT_COLOR_NAME = AccentColor;
				CODE_SIGN_ENTITLEMENTS = SpaceMissions/SpaceMissions.entitlements;
				CODE_SIGN_STYLE = Automatic;
				COMBINE_HIDPI_IMAGES = YES;
				CURRENT_PROJECT_VERSION = 1;
				DEVELOPMENT_ASSET_PATHS = "\"SpaceMissions/Preview Content\"";
				DEVELOPMENT_TEAM = WY266AH6T6;
				ENABLE_HARDENED_RUNTIME = YES;
				ENABLE_PREVIEWS = YES;
				GENERATE_INFOPLIST_FILE = YES;
				INFOPLIST_KEY_NSHumanReadableCopyright = "";
				LD_RUNPATH_SEARCH_PATHS = (
					"$(inherited)",
					"@executable_path/../Frameworks",
				);
				MARKETING_VERSION = 1.0;
				PRODUCT_BUNDLE_IDENTIFIER = com.MRB.SpaceMissions;
				PRODUCT_NAME = "$(TARGET_NAME)";
				SWIFT_EMIT_LOC_STRINGS = YES;
				SWIFT_VERSION = 5.0;
			};
			name = Debug;
		};
		8AC8A0EF2779FF6F00E7493B /* Release */ = {
			isa = XCBuildConfiguration;
			buildSettings = {
				ASSETCATALOG_COMPILER_APPICON_NAME = AppIcon;
				ASSETCATALOG_COMPILER_GLOBAL_ACCENT_COLOR_NAME = AccentColor;
				CODE_SIGN_ENTITLEMENTS = SpaceMissions/SpaceMissions.entitlements;
				CODE_SIGN_STYLE = Automatic;
				COMBINE_HIDPI_IMAGES = YES;
				CURRENT_PROJECT_VERSION = 1;
				DEVELOPMENT_ASSET_PATHS = "\"SpaceMissions/Preview Content\"";
				DEVELOPMENT_TEAM = WY266AH6T6;
				ENABLE_HARDENED_RUNTIME = YES;
				ENABLE_PREVIEWS = YES;
				GENERATE_INFOPLIST_FILE = YES;
				INFOPLIST_KEY_NSHumanReadableCopyright = "";
				LD_RUNPATH_SEARCH_PATHS = (
					"$(inherited)",
					"@executable_path/../Frameworks",
				);
				MARKETING_VERSION = 1.0;
				PRODUCT_BUNDLE_IDENTIFIER = com.MRB.SpaceMissions;
				PRODUCT_NAME = "$(TARGET_NAME)";
				SWIFT_EMIT_LOC_STRINGS = YES;
				SWIFT_VERSION = 5.0;
			};
			name = Release;
		};
/* End XCBuildConfiguration section */

/* Begin XCConfigurationList section */
		8AC8A0D92779FF6E00E7493B /* Build configuration list for PBXProject "SpaceMissions" */ = {
			isa = XCConfigurationList;
			buildConfigurations = (
				8AC8A0EB2779FF6F00E7493B /* Debug */,
				8AC8A0EC2779FF6F00E7493B /* Release */,
			);
			defaultConfigurationIsVisible = 0;
			defaultConfigurationName = Release;
		};
		8AC8A0ED2779FF6F00E7493B /* Build configuration list for PBXNativeTarget "SpaceMissions" */ = {
			isa = XCConfigurationList;
			buildConfigurations = (
				8AC8A0EE2779FF6F00E7493B /* Debug */,
				8AC8A0EF2779FF6F00E7493B /* Release */,
			);
			defaultConfigurationIsVisible = 0;
			defaultConfigurationName = Release;
		};
/* End XCConfigurationList section */

/* Begin XCRemoteSwiftPackageReference section */
		8AC8A0F0277A006800E7493B /* XCRemoteSwiftPackageReference "swift-composable-architecture" */ = {
			isa = XCRemoteSwiftPackageReference;
			repositoryURL = "https://github.com/pointfreeco/swift-composable-architecture";
			requirement = {
				kind = upToNextMajorVersion;
				minimumVersion = 0.9.0;
			};
		};
		8AC8A10C277AF31400E7493B /* XCRemoteSwiftPackageReference "SQLite" */ = {
			isa = XCRemoteSwiftPackageReference;
			repositoryURL = "https://github.com/stephencelis/SQLite.swift";
			requirement = {
				branch = master;
				kind = branch;
			};
		};
/* End XCRemoteSwiftPackageReference section */

/* Begin XCSwiftPackageProductDependency section */
		8AC8A0F1277A006800E7493B /* ComposableArchitecture */ = {
			isa = XCSwiftPackageProductDependency;
			package = 8AC8A0F0277A006800E7493B /* XCRemoteSwiftPackageReference "swift-composable-architecture" */;
			productName = ComposableArchitecture;
		};
		8AC8A10D277AF31400E7493B /* SQLite */ = {
			isa = XCSwiftPackageProductDependency;
			package = 8AC8A10C277AF31400E7493B /* XCRemoteSwiftPackageReference "SQLite" */;
			productName = SQLite;
		};
/* End XCSwiftPackageProductDependency section */
	};
	rootObject = 8AC8A0D62779FF6E00E7493B /* Project object */;
}
